// !$*UTF8*$!
{
	archiveVersion = 1;
	classes = {
	};
	objectVersion = 46;
	objects = {

/* Begin PBXBuildFile section */
		DE12C5CE1C06064300EB987B /* Search.storyboard in Resources */ = {isa = PBXBuildFile; fileRef = DE12C5CD1C06064300EB987B /* Search.storyboard */; };
		DE5DE6CB1BFDE7740032869E /* AppDelegate.swift in Sources */ = {isa = PBXBuildFile; fileRef = DE5DE6CA1BFDE7740032869E /* AppDelegate.swift */; };
		DE5DE6D71BFDE7740032869E /* LaunchScreen.storyboard in Resources */ = {isa = PBXBuildFile; fileRef = DE5DE6D51BFDE7740032869E /* LaunchScreen.storyboard */; };
		DE5DE6E21BFDE7740032869E /* gameboard_app_iosTests.swift in Sources */ = {isa = PBXBuildFile; fileRef = DE5DE6E11BFDE7740032869E /* gameboard_app_iosTests.swift */; };
		DE5DE6ED1BFDE7740032869E /* gameboard_app_iosUITests.swift in Sources */ = {isa = PBXBuildFile; fileRef = DE5DE6EC1BFDE7740032869E /* gameboard_app_iosUITests.swift */; };
		DE5DE6FB1BFDE7EC0032869E /* Main.storyboard in Resources */ = {isa = PBXBuildFile; fileRef = DE5DE6FA1BFDE7EC0032869E /* Main.storyboard */; };
		DE5DE7061BFDE8120032869E /* APIHelper.swift in Sources */ = {isa = PBXBuildFile; fileRef = DE5DE6FC1BFDE8120032869E /* APIHelper.swift */; };
		DE5DE7071BFDE8120032869E /* APIs.swift in Sources */ = {isa = PBXBuildFile; fileRef = DE5DE6FD1BFDE8120032869E /* APIs.swift */; };
		DE5DE7081BFDE8120032869E /* Extensions.swift in Sources */ = {isa = PBXBuildFile; fileRef = DE5DE6FE1BFDE8120032869E /* Extensions.swift */; };
		DE5DE7091BFDE8120032869E /* GenreCell.swift in Sources */ = {isa = PBXBuildFile; fileRef = DE5DE6FF1BFDE8120032869E /* GenreCell.swift */; };
		DE5DE70A1BFDE8120032869E /* GenreCollectionViewController.swift in Sources */ = {isa = PBXBuildFile; fileRef = DE5DE7001BFDE8120032869E /* GenreCollectionViewController.swift */; };
		DE5DE70B1BFDE8120032869E /* LoginViewController.swift in Sources */ = {isa = PBXBuildFile; fileRef = DE5DE7011BFDE8120032869E /* LoginViewController.swift */; };
		DE5DE70C1BFDE8120032869E /* MedalView.swift in Sources */ = {isa = PBXBuildFile; fileRef = DE5DE7021BFDE8120032869E /* MedalView.swift */; };
		DE5DE70D1BFDE8120032869E /* Models.swift in Sources */ = {isa = PBXBuildFile; fileRef = DE5DE7031BFDE8120032869E /* Models.swift */; };
		DE5DE70E1BFDE8120032869E /* NewsItemCell.swift in Sources */ = {isa = PBXBuildFile; fileRef = DE5DE7041BFDE8120032869E /* NewsItemCell.swift */; };
		DE5DE70F1BFDE8120032869E /* ViewController.swift in Sources */ = {isa = PBXBuildFile; fileRef = DE5DE7051BFDE8120032869E /* ViewController.swift */; };
		DE5DE7151BFDE8320032869E /* AlamofireImplementations.swift in Sources */ = {isa = PBXBuildFile; fileRef = DE5DE7141BFDE8320032869E /* AlamofireImplementations.swift */; };
		DE5DE7171BFDED660032869E /* Alamofire.framework in Frameworks */ = {isa = PBXBuildFile; fileRef = DE5DE7161BFDED660032869E /* Alamofire.framework */; };
		DE5DE7181BFDED660032869E /* Alamofire.framework in Embed Frameworks */ = {isa = PBXBuildFile; fileRef = DE5DE7161BFDED660032869E /* Alamofire.framework */; settings = {ATTRIBUTES = (CodeSignOnCopy, RemoveHeadersOnCopy, ); }; };
		DE5DE71D1BFDEDE60032869E /* NewItem.swift in Sources */ = {isa = PBXBuildFile; fileRef = DE5DE71C1BFDEDE60032869E /* NewItem.swift */; };
		DE5DE7231BFDEEA50032869E /* GameboardAPI.swift in Sources */ = {isa = PBXBuildFile; fileRef = DE5DE7221BFDEEA50032869E /* GameboardAPI.swift */; };
		DE5DE7261BFDEEB00032869E /* Error.swift in Sources */ = {isa = PBXBuildFile; fileRef = DE5DE7241BFDEEB00032869E /* Error.swift */; };
		DE5DE7271BFDEEB00032869E /* Genre.swift in Sources */ = {isa = PBXBuildFile; fileRef = DE5DE7251BFDEEB00032869E /* Genre.swift */; };
		DE5DE72D1BFDF5300032869E /* CandyTableViewController.swift in Sources */ = {isa = PBXBuildFile; fileRef = DE5DE72B1BFDF5300032869E /* CandyTableViewController.swift */; };
		DE78DFFE1C0F1ADC0004BB94 /* YourVideosViewController.swift in Sources */ = {isa = PBXBuildFile; fileRef = DE78DFFA1C0F1ADC0004BB94 /* YourVideosViewController.swift */; };
		DE78DFFF1C0F1ADC0004BB94 /* CategoryRow.swift in Sources */ = {isa = PBXBuildFile; fileRef = DE78DFFB1C0F1ADC0004BB94 /* CategoryRow.swift */; };
		DE78E0001C0F1ADC0004BB94 /* VideoCell.swift in Sources */ = {isa = PBXBuildFile; fileRef = DE78DFFC1C0F1ADC0004BB94 /* VideoCell.swift */; };
		DE78E0011C0F1ADC0004BB94 /* YourVideos.storyboard in Resources */ = {isa = PBXBuildFile; fileRef = DE78DFFD1C0F1ADC0004BB94 /* YourVideos.storyboard */; };
		DE78E0031C0F35B50004BB94 /* YourVideoViewController.swift in Sources */ = {isa = PBXBuildFile; fileRef = DE78E0021C0F35B50004BB94 /* YourVideoViewController.swift */; };
		DE9D2A211C0DDB9700CD852E /* Candy.swift in Sources */ = {isa = PBXBuildFile; fileRef = DE9D2A201C0DDB9700CD852E /* Candy.swift */; };
		DE9D2A2B1C0E077900CD852E /* CardTableViewCell.swift in Sources */ = {isa = PBXBuildFile; fileRef = DE9D2A251C0E077900CD852E /* CardTableViewCell.swift */; };
		DE9D2A2C1C0E077900CD852E /* MemberSearchViewController.swift in Sources */ = {isa = PBXBuildFile; fileRef = DE9D2A261C0E077900CD852E /* MemberSearchViewController.swift */; };
		DE9D2A2D1C0E077900CD852E /* Member.swift in Sources */ = {isa = PBXBuildFile; fileRef = DE9D2A271C0E077900CD852E /* Member.swift */; };
		DE9D2A2E1C0E077900CD852E /* TipInCellAnimator.swift in Sources */ = {isa = PBXBuildFile; fileRef = DE9D2A281C0E077900CD852E /* TipInCellAnimator.swift */; };
		DE9D2A2F1C0E077900CD852E /* Members.storyboard in Resources */ = {isa = PBXBuildFile; fileRef = DE9D2A2A1C0E077900CD852E /* Members.storyboard */; };
		DE9D2A311C0E078400CD852E /* Members.json in Resources */ = {isa = PBXBuildFile; fileRef = DE9D2A301C0E078400CD852E /* Members.json */; };
		DEE81D5B1C0607C200B16024 /* MainTabBarController.swift in Sources */ = {isa = PBXBuildFile; fileRef = DEE81D5A1C0607C200B16024 /* MainTabBarController.swift */; };
		DEFC3B191C04A98900B05EC6 /* SettingsViewController.swift in Sources */ = {isa = PBXBuildFile; fileRef = DEFC3B181C04A98900B05EC6 /* SettingsViewController.swift */; };
		DEFC3B1B1C04B09700B05EC6 /* Assets.xcassets in Resources */ = {isa = PBXBuildFile; fileRef = DEFC3B1A1C04B09700B05EC6 /* Assets.xcassets */; };
/* End PBXBuildFile section */

/* Begin PBXContainerItemProxy section */
		DE5DE6DE1BFDE7740032869E /* PBXContainerItemProxy */ = {
			isa = PBXContainerItemProxy;
			containerPortal = DE5DE6BF1BFDE7740032869E /* Project object */;
			proxyType = 1;
			remoteGlobalIDString = DE5DE6C61BFDE7740032869E;
			remoteInfo = "gameboard-app-ios";
		};
		DE5DE6E91BFDE7740032869E /* PBXContainerItemProxy */ = {
			isa = PBXContainerItemProxy;
			containerPortal = DE5DE6BF1BFDE7740032869E /* Project object */;
			proxyType = 1;
			remoteGlobalIDString = DE5DE6C61BFDE7740032869E;
			remoteInfo = "gameboard-app-ios";
		};
/* End PBXContainerItemProxy section */

/* Begin PBXCopyFilesBuildPhase section */
		DE5DE7191BFDED660032869E /* Embed Frameworks */ = {
			isa = PBXCopyFilesBuildPhase;
			buildActionMask = 2147483647;
			dstPath = "";
			dstSubfolderSpec = 10;
			files = (
				DE5DE7181BFDED660032869E /* Alamofire.framework in Embed Frameworks */,
			);
			name = "Embed Frameworks";
			runOnlyForDeploymentPostprocessing = 0;
		};
/* End PBXCopyFilesBuildPhase section */

/* Begin PBXFileReference section */
		DE12C5CD1C06064300EB987B /* Search.storyboard */ = {isa = PBXFileReference; fileEncoding = 4; lastKnownFileType = file.storyboard; path = Search.storyboard; sourceTree = "<group>"; };
		DE5DE6C71BFDE7740032869E /* gameboard-app-ios.app */ = {isa = PBXFileReference; explicitFileType = wrapper.application; includeInIndex = 0; path = "gameboard-app-ios.app"; sourceTree = BUILT_PRODUCTS_DIR; };
		DE5DE6CA1BFDE7740032869E /* AppDelegate.swift */ = {isa = PBXFileReference; lastKnownFileType = sourcecode.swift; path = AppDelegate.swift; sourceTree = "<group>"; };
		DE5DE6D61BFDE7740032869E /* Base */ = {isa = PBXFileReference; lastKnownFileType = file.storyboard; name = Base; path = Base.lproj/LaunchScreen.storyboard; sourceTree = "<group>"; };
		DE5DE6D81BFDE7740032869E /* Info.plist */ = {isa = PBXFileReference; lastKnownFileType = text.plist.xml; path = Info.plist; sourceTree = "<group>"; };
		DE5DE6DD1BFDE7740032869E /* gameboard-app-iosTests.xctest */ = {isa = PBXFileReference; explicitFileType = wrapper.cfbundle; includeInIndex = 0; path = "gameboard-app-iosTests.xctest"; sourceTree = BUILT_PRODUCTS_DIR; };
		DE5DE6E11BFDE7740032869E /* gameboard_app_iosTests.swift */ = {isa = PBXFileReference; lastKnownFileType = sourcecode.swift; path = gameboard_app_iosTests.swift; sourceTree = "<group>"; };
		DE5DE6E31BFDE7740032869E /* Info.plist */ = {isa = PBXFileReference; lastKnownFileType = text.plist.xml; path = Info.plist; sourceTree = "<group>"; };
		DE5DE6E81BFDE7740032869E /* gameboard-app-iosUITests.xctest */ = {isa = PBXFileReference; explicitFileType = wrapper.cfbundle; includeInIndex = 0; path = "gameboard-app-iosUITests.xctest"; sourceTree = BUILT_PRODUCTS_DIR; };
		DE5DE6EC1BFDE7740032869E /* gameboard_app_iosUITests.swift */ = {isa = PBXFileReference; lastKnownFileType = sourcecode.swift; path = gameboard_app_iosUITests.swift; sourceTree = "<group>"; };
		DE5DE6EE1BFDE7740032869E /* Info.plist */ = {isa = PBXFileReference; lastKnownFileType = text.plist.xml; path = Info.plist; sourceTree = "<group>"; };
		DE5DE6FA1BFDE7EC0032869E /* Main.storyboard */ = {isa = PBXFileReference; fileEncoding = 4; lastKnownFileType = file.storyboard; path = Main.storyboard; sourceTree = "<group>"; };
		DE5DE6FC1BFDE8120032869E /* APIHelper.swift */ = {isa = PBXFileReference; fileEncoding = 4; lastKnownFileType = sourcecode.swift; path = APIHelper.swift; sourceTree = "<group>"; };
		DE5DE6FD1BFDE8120032869E /* APIs.swift */ = {isa = PBXFileReference; fileEncoding = 4; lastKnownFileType = sourcecode.swift; path = APIs.swift; sourceTree = "<group>"; };
		DE5DE6FE1BFDE8120032869E /* Extensions.swift */ = {isa = PBXFileReference; fileEncoding = 4; lastKnownFileType = sourcecode.swift; path = Extensions.swift; sourceTree = "<group>"; };
		DE5DE6FF1BFDE8120032869E /* GenreCell.swift */ = {isa = PBXFileReference; fileEncoding = 4; lastKnownFileType = sourcecode.swift; path = GenreCell.swift; sourceTree = "<group>"; };
		DE5DE7001BFDE8120032869E /* GenreCollectionViewController.swift */ = {isa = PBXFileReference; fileEncoding = 4; lastKnownFileType = sourcecode.swift; path = GenreCollectionViewController.swift; sourceTree = "<group>"; };
		DE5DE7011BFDE8120032869E /* LoginViewController.swift */ = {isa = PBXFileReference; fileEncoding = 4; lastKnownFileType = sourcecode.swift; path = LoginViewController.swift; sourceTree = "<group>"; };
		DE5DE7021BFDE8120032869E /* MedalView.swift */ = {isa = PBXFileReference; fileEncoding = 4; lastKnownFileType = sourcecode.swift; path = MedalView.swift; sourceTree = "<group>"; };
		DE5DE7031BFDE8120032869E /* Models.swift */ = {isa = PBXFileReference; fileEncoding = 4; lastKnownFileType = sourcecode.swift; path = Models.swift; sourceTree = "<group>"; };
		DE5DE7041BFDE8120032869E /* NewsItemCell.swift */ = {isa = PBXFileReference; fileEncoding = 4; lastKnownFileType = sourcecode.swift; path = NewsItemCell.swift; sourceTree = "<group>"; };
		DE5DE7051BFDE8120032869E /* ViewController.swift */ = {isa = PBXFileReference; fileEncoding = 4; lastKnownFileType = sourcecode.swift; path = ViewController.swift; sourceTree = "<group>"; };
		DE5DE7141BFDE8320032869E /* AlamofireImplementations.swift */ = {isa = PBXFileReference; fileEncoding = 4; lastKnownFileType = sourcecode.swift; path = AlamofireImplementations.swift; sourceTree = "<group>"; };
		DE5DE7161BFDED660032869E /* Alamofire.framework */ = {isa = PBXFileReference; lastKnownFileType = wrapper.framework; name = Alamofire.framework; path = Carthage/Build/iOS/Alamofire.framework; sourceTree = "<group>"; };
		DE5DE71C1BFDEDE60032869E /* NewItem.swift */ = {isa = PBXFileReference; fileEncoding = 4; lastKnownFileType = sourcecode.swift; path = NewItem.swift; sourceTree = "<group>"; };
		DE5DE7221BFDEEA50032869E /* GameboardAPI.swift */ = {isa = PBXFileReference; fileEncoding = 4; lastKnownFileType = sourcecode.swift; path = GameboardAPI.swift; sourceTree = "<group>"; };
		DE5DE7241BFDEEB00032869E /* Error.swift */ = {isa = PBXFileReference; fileEncoding = 4; lastKnownFileType = sourcecode.swift; path = Error.swift; sourceTree = "<group>"; };
		DE5DE7251BFDEEB00032869E /* Genre.swift */ = {isa = PBXFileReference; fileEncoding = 4; lastKnownFileType = sourcecode.swift; path = Genre.swift; sourceTree = "<group>"; };
		DE5DE72B1BFDF5300032869E /* CandyTableViewController.swift */ = {isa = PBXFileReference; fileEncoding = 4; lastKnownFileType = sourcecode.swift; path = CandyTableViewController.swift; sourceTree = "<group>"; };
		DE78DFFA1C0F1ADC0004BB94 /* YourVideosViewController.swift */ = {isa = PBXFileReference; fileEncoding = 4; lastKnownFileType = sourcecode.swift; path = YourVideosViewController.swift; sourceTree = "<group>"; };
		DE78DFFB1C0F1ADC0004BB94 /* CategoryRow.swift */ = {isa = PBXFileReference; fileEncoding = 4; lastKnownFileType = sourcecode.swift; path = CategoryRow.swift; sourceTree = "<group>"; };
		DE78DFFC1C0F1ADC0004BB94 /* VideoCell.swift */ = {isa = PBXFileReference; fileEncoding = 4; lastKnownFileType = sourcecode.swift; path = VideoCell.swift; sourceTree = "<group>"; };
		DE78DFFD1C0F1ADC0004BB94 /* YourVideos.storyboard */ = {isa = PBXFileReference; fileEncoding = 4; lastKnownFileType = file.storyboard; path = YourVideos.storyboard; sourceTree = "<group>"; };
		DE78E0021C0F35B50004BB94 /* YourVideoViewController.swift */ = {isa = PBXFileReference; fileEncoding = 4; lastKnownFileType = sourcecode.swift; path = YourVideoViewController.swift; sourceTree = "<group>"; };
		DE9D2A201C0DDB9700CD852E /* Candy.swift */ = {isa = PBXFileReference; fileEncoding = 4; lastKnownFileType = sourcecode.swift; path = Candy.swift; sourceTree = "<group>"; };
		DE9D2A251C0E077900CD852E /* CardTableViewCell.swift */ = {isa = PBXFileReference; fileEncoding = 4; lastKnownFileType = sourcecode.swift; name = CardTableViewCell.swift; path = "../../../Downloads/CardTilt-swift-final/CardTilt/CardTableViewCell.swift"; sourceTree = "<group>"; };
		DE9D2A261C0E077900CD852E /* MemberSearchViewController.swift */ = {isa = PBXFileReference; fileEncoding = 4; lastKnownFileType = sourcecode.swift; name = MemberSearchViewController.swift; path = "../../../Downloads/CardTilt-swift-final/CardTilt/MemberSearchViewController.swift"; sourceTree = "<group>"; };
		DE9D2A271C0E077900CD852E /* Member.swift */ = {isa = PBXFileReference; fileEncoding = 4; lastKnownFileType = sourcecode.swift; name = Member.swift; path = "../../../Downloads/CardTilt-swift-final/CardTilt/Member.swift"; sourceTree = "<group>"; };
		DE9D2A281C0E077900CD852E /* TipInCellAnimator.swift */ = {isa = PBXFileReference; fileEncoding = 4; lastKnownFileType = sourcecode.swift; name = TipInCellAnimator.swift; path = "../../../Downloads/CardTilt-swift-final/CardTilt/TipInCellAnimator.swift"; sourceTree = "<group>"; };
		DE9D2A291C0E077900CD852E /* Base */ = {isa = PBXFileReference; lastKnownFileType = file.storyboard; name = Base; path = Base.lproj/Members.storyboard; sourceTree = "<group>"; };
		DE9D2A301C0E078400CD852E /* Members.json */ = {isa = PBXFileReference; fileEncoding = 4; lastKnownFileType = text.json; path = Members.json; sourceTree = "<group>"; };
		DEE81D5A1C0607C200B16024 /* MainTabBarController.swift */ = {isa = PBXFileReference; fileEncoding = 4; lastKnownFileType = sourcecode.swift; path = MainTabBarController.swift; sourceTree = "<group>"; };
		DEFC3B181C04A98900B05EC6 /* SettingsViewController.swift */ = {isa = PBXFileReference; fileEncoding = 4; lastKnownFileType = sourcecode.swift; path = SettingsViewController.swift; sourceTree = "<group>"; };
		DEFC3B1A1C04B09700B05EC6 /* Assets.xcassets */ = {isa = PBXFileReference; lastKnownFileType = folder.assetcatalog; path = Assets.xcassets; sourceTree = "<group>"; };
/* End PBXFileReference section */

/* Begin PBXFrameworksBuildPhase section */
		DE5DE6C41BFDE7740032869E /* Frameworks */ = {
			isa = PBXFrameworksBuildPhase;
			buildActionMask = 2147483647;
			files = (
				DE5DE7171BFDED660032869E /* Alamofire.framework in Frameworks */,
			);
			runOnlyForDeploymentPostprocessing = 0;
		};
		DE5DE6DA1BFDE7740032869E /* Frameworks */ = {
			isa = PBXFrameworksBuildPhase;
			buildActionMask = 2147483647;
			files = (
			);
			runOnlyForDeploymentPostprocessing = 0;
		};
		DE5DE6E51BFDE7740032869E /* Frameworks */ = {
			isa = PBXFrameworksBuildPhase;
			buildActionMask = 2147483647;
			files = (
			);
			runOnlyForDeploymentPostprocessing = 0;
		};
/* End PBXFrameworksBuildPhase section */

/* Begin PBXGroup section */
		DE5DE6BE1BFDE7740032869E = {
			isa = PBXGroup;
			children = (
				DE5DE7161BFDED660032869E /* Alamofire.framework */,
				DE5DE6C91BFDE7740032869E /* gameboard-app-ios */,
				DE5DE6E01BFDE7740032869E /* gameboard-app-iosTests */,
				DE5DE6EB1BFDE7740032869E /* gameboard-app-iosUITests */,
				DE5DE6C81BFDE7740032869E /* Products */,
			);
			sourceTree = "<group>";
		};
		DE5DE6C81BFDE7740032869E /* Products */ = {
			isa = PBXGroup;
			children = (
				DE5DE6C71BFDE7740032869E /* gameboard-app-ios.app */,
				DE5DE6DD1BFDE7740032869E /* gameboard-app-iosTests.xctest */,
				DE5DE6E81BFDE7740032869E /* gameboard-app-iosUITests.xctest */,
			);
			name = Products;
			sourceTree = "<group>";
		};
		DE5DE6C91BFDE7740032869E /* gameboard-app-ios */ = {
			isa = PBXGroup;
			children = (
				DE8320641C0EEB6F000672E6 /* data */,
				DE9D2A241C0DE08A00CD852E /* Members */,
				DE9D2A1D1C07296100CD852E /* YouVideos */,
				DEAA2B191C03138E003A07FF /* Controllers */,
				DE5DE7301BFDF5780032869E /* Utils */,
				DE5DE72F1BFDF53A0032869E /* Boards */,
				DE5DE72E1BFDF5340032869E /* Search */,
				DE5DE7291BFDEEBC0032869E /* Models */,
				DE5DE7281BFDEEB40032869E /* APIs */,
				DE5DE6FA1BFDE7EC0032869E /* Main.storyboard */,
				DE5DE6CA1BFDE7740032869E /* AppDelegate.swift */,
				DE5DE6D51BFDE7740032869E /* LaunchScreen.storyboard */,
				DE5DE6D81BFDE7740032869E /* Info.plist */,
				DEFC3B1A1C04B09700B05EC6 /* Assets.xcassets */,
			);
			path = "gameboard-app-ios";
			sourceTree = "<group>";
		};
		DE5DE6E01BFDE7740032869E /* gameboard-app-iosTests */ = {
			isa = PBXGroup;
			children = (
				DE5DE6E11BFDE7740032869E /* gameboard_app_iosTests.swift */,
				DE5DE6E31BFDE7740032869E /* Info.plist */,
			);
			path = "gameboard-app-iosTests";
			sourceTree = "<group>";
		};
		DE5DE6EB1BFDE7740032869E /* gameboard-app-iosUITests */ = {
			isa = PBXGroup;
			children = (
				DE5DE6EC1BFDE7740032869E /* gameboard_app_iosUITests.swift */,
				DE5DE6EE1BFDE7740032869E /* Info.plist */,
			);
			path = "gameboard-app-iosUITests";
			sourceTree = "<group>";
		};
		DE5DE7281BFDEEB40032869E /* APIs */ = {
			isa = PBXGroup;
			children = (
				DE5DE6FD1BFDE8120032869E /* APIs.swift */,
				DE5DE7141BFDE8320032869E /* AlamofireImplementations.swift */,
				DE5DE6FC1BFDE8120032869E /* APIHelper.swift */,
				DE5DE6FE1BFDE8120032869E /* Extensions.swift */,
				DE5DE7221BFDEEA50032869E /* GameboardAPI.swift */,
			);
			name = APIs;
			sourceTree = "<group>";
		};
		DE5DE7291BFDEEBC0032869E /* Models */ = {
			isa = PBXGroup;
			children = (
				DE5DE71C1BFDEDE60032869E /* NewItem.swift */,
				DE5DE7031BFDE8120032869E /* Models.swift */,
				DE5DE7241BFDEEB00032869E /* Error.swift */,
				DE5DE7251BFDEEB00032869E /* Genre.swift */,
			);
			name = Models;
			sourceTree = "<group>";
		};
		DE5DE72E1BFDF5340032869E /* Search */ = {
			isa = PBXGroup;
			children = (
				DE12C5CD1C06064300EB987B /* Search.storyboard */,
				DE5DE72B1BFDF5300032869E /* CandyTableViewController.swift */,
				DE9D2A201C0DDB9700CD852E /* Candy.swift */,
			);
			name = Search;
			sourceTree = "<group>";
		};
		DE5DE72F1BFDF53A0032869E /* Boards */ = {
			isa = PBXGroup;
			children = (
				DE5DE7051BFDE8120032869E /* ViewController.swift */,
				DE5DE7041BFDE8120032869E /* NewsItemCell.swift */,
				DE5DE6FF1BFDE8120032869E /* GenreCell.swift */,
				DE5DE7001BFDE8120032869E /* GenreCollectionViewController.swift */,
			);
			name = Boards;
			sourceTree = "<group>";
		};
		DE5DE7301BFDF5780032869E /* Utils */ = {
			isa = PBXGroup;
			children = (
				DE5DE7021BFDE8120032869E /* MedalView.swift */,
			);
			name = Utils;
			sourceTree = "<group>";
		};
		DE8320641C0EEB6F000672E6 /* data */ = {
			isa = PBXGroup;
			children = (
				DE9D2A301C0E078400CD852E /* Members.json */,
			);
			name = data;
			sourceTree = "<group>";
		};
		DE9D2A1D1C07296100CD852E /* YouVideos */ = {
			isa = PBXGroup;
			children = (
				DE78DFFA1C0F1ADC0004BB94 /* YourVideosViewController.swift */,
				DE78DFFB1C0F1ADC0004BB94 /* CategoryRow.swift */,
				DE78DFFC1C0F1ADC0004BB94 /* VideoCell.swift */,
				DE78DFFD1C0F1ADC0004BB94 /* YourVideos.storyboard */,
			);
			name = YouVideos;
			sourceTree = "<group>";
		};
		DE9D2A241C0DE08A00CD852E /* Members */ = {
			isa = PBXGroup;
			children = (
				DE9D2A251C0E077900CD852E /* CardTableViewCell.swift */,
				DE9D2A261C0E077900CD852E /* MemberSearchViewController.swift */,
				DE9D2A271C0E077900CD852E /* Member.swift */,
				DE9D2A281C0E077900CD852E /* TipInCellAnimator.swift */,
				DE9D2A2A1C0E077900CD852E /* Members.storyboard */,
			);
			name = Members;
			sourceTree = "<group>";
		};
		DEAA2B191C03138E003A07FF /* Controllers */ = {
			isa = PBXGroup;
			children = (
				DEE81D5A1C0607C200B16024 /* MainTabBarController.swift */,
				DE78E0021C0F35B50004BB94 /* YourVideoViewController.swift */,
				DE5DE7011BFDE8120032869E /* LoginViewController.swift */,
				DEFC3B181C04A98900B05EC6 /* SettingsViewController.swift */,
			);
			name = Controllers;
			sourceTree = "<group>";
		};
/* End PBXGroup section */

/* Begin PBXNativeTarget section */
		DE5DE6C61BFDE7740032869E /* gameboard-app-ios */ = {
			isa = PBXNativeTarget;
			buildConfigurationList = DE5DE6F11BFDE7740032869E /* Build configuration list for PBXNativeTarget "gameboard-app-ios" */;
			buildPhases = (
				DE5DE6C31BFDE7740032869E /* Sources */,
				DE5DE6C41BFDE7740032869E /* Frameworks */,
				DE5DE6C51BFDE7740032869E /* Resources */,
				DE5DE7191BFDED660032869E /* Embed Frameworks */,
			);
			buildRules = (
			);
			dependencies = (
			);
			name = "gameboard-app-ios";
			productName = "gameboard-app-ios";
			productReference = DE5DE6C71BFDE7740032869E /* gameboard-app-ios.app */;
			productType = "com.apple.product-type.application";
		};
		DE5DE6DC1BFDE7740032869E /* gameboard-app-iosTests */ = {
			isa = PBXNativeTarget;
			buildConfigurationList = DE5DE6F41BFDE7740032869E /* Build configuration list for PBXNativeTarget "gameboard-app-iosTests" */;
			buildPhases = (
				DE5DE6D91BFDE7740032869E /* Sources */,
				DE5DE6DA1BFDE7740032869E /* Frameworks */,
				DE5DE6DB1BFDE7740032869E /* Resources */,
			);
			buildRules = (
			);
			dependencies = (
				DE5DE6DF1BFDE7740032869E /* PBXTargetDependency */,
			);
			name = "gameboard-app-iosTests";
			productName = "gameboard-app-iosTests";
			productReference = DE5DE6DD1BFDE7740032869E /* gameboard-app-iosTests.xctest */;
			productType = "com.apple.product-type.bundle.unit-test";
		};
		DE5DE6E71BFDE7740032869E /* gameboard-app-iosUITests */ = {
			isa = PBXNativeTarget;
			buildConfigurationList = DE5DE6F71BFDE7740032869E /* Build configuration list for PBXNativeTarget "gameboard-app-iosUITests" */;
			buildPhases = (
				DE5DE6E41BFDE7740032869E /* Sources */,
				DE5DE6E51BFDE7740032869E /* Frameworks */,
				DE5DE6E61BFDE7740032869E /* Resources */,
			);
			buildRules = (
			);
			dependencies = (
				DE5DE6EA1BFDE7740032869E /* PBXTargetDependency */,
			);
			name = "gameboard-app-iosUITests";
			productName = "gameboard-app-iosUITests";
			productReference = DE5DE6E81BFDE7740032869E /* gameboard-app-iosUITests.xctest */;
			productType = "com.apple.product-type.bundle.ui-testing";
		};
/* End PBXNativeTarget section */

/* Begin PBXProject section */
		DE5DE6BF1BFDE7740032869E /* Project object */ = {
			isa = PBXProject;
			attributes = {
				LastSwiftUpdateCheck = 0710;
				LastUpgradeCheck = 0710;
				ORGANIZATIONNAME = "Matthew Perrins";
				TargetAttributes = {
					DE5DE6C61BFDE7740032869E = {
						CreatedOnToolsVersion = 7.1.1;
						DevelopmentTeam = 2EGXRYELNU;
					};
					DE5DE6DC1BFDE7740032869E = {
						CreatedOnToolsVersion = 7.1.1;
						TestTargetID = DE5DE6C61BFDE7740032869E;
					};
					DE5DE6E71BFDE7740032869E = {
						CreatedOnToolsVersion = 7.1.1;
						TestTargetID = DE5DE6C61BFDE7740032869E;
					};
				};
			};
			buildConfigurationList = DE5DE6C21BFDE7740032869E /* Build configuration list for PBXProject "gameboard-app-ios" */;
			compatibilityVersion = "Xcode 3.2";
			developmentRegion = English;
			hasScannedForEncodings = 0;
			knownRegions = (
				en,
				Base,
			);
			mainGroup = DE5DE6BE1BFDE7740032869E;
			productRefGroup = DE5DE6C81BFDE7740032869E /* Products */;
			projectDirPath = "";
			projectRoot = "";
			targets = (
				DE5DE6C61BFDE7740032869E /* gameboard-app-ios */,
				DE5DE6DC1BFDE7740032869E /* gameboard-app-iosTests */,
				DE5DE6E71BFDE7740032869E /* gameboard-app-iosUITests */,
			);
		};
/* End PBXProject section */

/* Begin PBXResourcesBuildPhase section */
		DE5DE6C51BFDE7740032869E /* Resources */ = {
			isa = PBXResourcesBuildPhase;
			buildActionMask = 2147483647;
			files = (
				DE5DE6FB1BFDE7EC0032869E /* Main.storyboard in Resources */,
				DE9D2A2F1C0E077900CD852E /* Members.storyboard in Resources */,
				DEFC3B1B1C04B09700B05EC6 /* Assets.xcassets in Resources */,
				DE9D2A311C0E078400CD852E /* Members.json in Resources */,
				DE5DE6D71BFDE7740032869E /* LaunchScreen.storyboard in Resources */,
				DE12C5CE1C06064300EB987B /* Search.storyboard in Resources */,
				DE78E0011C0F1ADC0004BB94 /* YourVideos.storyboard in Resources */,
			);
			runOnlyForDeploymentPostprocessing = 0;
		};
		DE5DE6DB1BFDE7740032869E /* Resources */ = {
			isa = PBXResourcesBuildPhase;
			buildActionMask = 2147483647;
			files = (
			);
			runOnlyForDeploymentPostprocessing = 0;
		};
		DE5DE6E61BFDE7740032869E /* Resources */ = {
			isa = PBXResourcesBuildPhase;
			buildActionMask = 2147483647;
			files = (
			);
			runOnlyForDeploymentPostprocessing = 0;
		};
/* End PBXResourcesBuildPhase section */

/* Begin PBXSourcesBuildPhase section */
		DE5DE6C31BFDE7740032869E /* Sources */ = {
			isa = PBXSourcesBuildPhase;
			buildActionMask = 2147483647;
			files = (
				DE5DE71D1BFDEDE60032869E /* NewItem.swift in Sources */,
				DE5DE70C1BFDE8120032869E /* MedalView.swift in Sources */,
				DE78E0001C0F1ADC0004BB94 /* VideoCell.swift in Sources */,
				DEE81D5B1C0607C200B16024 /* MainTabBarController.swift in Sources */,
				DE5DE70B1BFDE8120032869E /* LoginViewController.swift in Sources */,
				DE5DE70A1BFDE8120032869E /* GenreCollectionViewController.swift in Sources */,
				DEFC3B191C04A98900B05EC6 /* SettingsViewController.swift in Sources */,
				DE78DFFF1C0F1ADC0004BB94 /* CategoryRow.swift in Sources */,
				DE78E0031C0F35B50004BB94 /* YourVideoViewController.swift in Sources */,
				DE5DE72D1BFDF5300032869E /* CandyTableViewController.swift in Sources */,
				DE5DE7061BFDE8120032869E /* APIHelper.swift in Sources */,
				DE9D2A2C1C0E077900CD852E /* MemberSearchViewController.swift in Sources */,
				DE5DE70F1BFDE8120032869E /* ViewController.swift in Sources */,
				DE9D2A2E1C0E077900CD852E /* TipInCellAnimator.swift in Sources */,
				DE5DE7071BFDE8120032869E /* APIs.swift in Sources */,
				DE5DE7271BFDEEB00032869E /* Genre.swift in Sources */,
				DE5DE7151BFDE8320032869E /* AlamofireImplementations.swift in Sources */,
				DE5DE6CB1BFDE7740032869E /* AppDelegate.swift in Sources */,
				DE5DE70D1BFDE8120032869E /* Models.swift in Sources */,
				DE78DFFE1C0F1ADC0004BB94 /* YourVideosViewController.swift in Sources */,
				DE5DE7091BFDE8120032869E /* GenreCell.swift in Sources */,
				DE9D2A211C0DDB9700CD852E /* Candy.swift in Sources */,
				DE9D2A2B1C0E077900CD852E /* CardTableViewCell.swift in Sources */,
				DE5DE7081BFDE8120032869E /* Extensions.swift in Sources */,
				DE5DE70E1BFDE8120032869E /* NewsItemCell.swift in Sources */,
				DE5DE7261BFDEEB00032869E /* Error.swift in Sources */,
				DE5DE7231BFDEEA50032869E /* GameboardAPI.swift in Sources */,
				DE9D2A2D1C0E077900CD852E /* Member.swift in Sources */,
			);
			runOnlyForDeploymentPostprocessing = 0;
		};
		DE5DE6D91BFDE7740032869E /* Sources */ = {
			isa = PBXSourcesBuildPhase;
			buildActionMask = 2147483647;
			files = (
				DE5DE6E21BFDE7740032869E /* gameboard_app_iosTests.swift in Sources */,
			);
			runOnlyForDeploymentPostprocessing = 0;
		};
		DE5DE6E41BFDE7740032869E /* Sources */ = {
			isa = PBXSourcesBuildPhase;
			buildActionMask = 2147483647;
			files = (
				DE5DE6ED1BFDE7740032869E /* gameboard_app_iosUITests.swift in Sources */,
			);
			runOnlyForDeploymentPostprocessing = 0;
		};
/* End PBXSourcesBuildPhase section */

/* Begin PBXTargetDependency section */
		DE5DE6DF1BFDE7740032869E /* PBXTargetDependency */ = {
			isa = PBXTargetDependency;
			target = DE5DE6C61BFDE7740032869E /* gameboard-app-ios */;
			targetProxy = DE5DE6DE1BFDE7740032869E /* PBXContainerItemProxy */;
		};
		DE5DE6EA1BFDE7740032869E /* PBXTargetDependency */ = {
			isa = PBXTargetDependency;
			target = DE5DE6C61BFDE7740032869E /* gameboard-app-ios */;
			targetProxy = DE5DE6E91BFDE7740032869E /* PBXContainerItemProxy */;
		};
/* End PBXTargetDependency section */

/* Begin PBXVariantGroup section */
		DE5DE6D51BFDE7740032869E /* LaunchScreen.storyboard */ = {
			isa = PBXVariantGroup;
			children = (
				DE5DE6D61BFDE7740032869E /* Base */,
			);
			name = LaunchScreen.storyboard;
			sourceTree = "<group>";
		};
		DE9D2A2A1C0E077900CD852E /* Members.storyboard */ = {
			isa = PBXVariantGroup;
			children = (
				DE9D2A291C0E077900CD852E /* Base */,
			);
			name = Members.storyboard;
			path = "../../../Downloads/CardTilt-swift-final/CardTilt";
			sourceTree = "<group>";
		};
/* End PBXVariantGroup section */

/* Begin XCBuildConfiguration section */
		DE5DE6EF1BFDE7740032869E /* Debug */ = {
			isa = XCBuildConfiguration;
			buildSettings = {
				ALWAYS_SEARCH_USER_PATHS = NO;
				CLANG_CXX_LANGUAGE_STANDARD = "gnu++0x";
				CLANG_CXX_LIBRARY = "libc++";
				CLANG_ENABLE_MODULES = YES;
				CLANG_ENABLE_OBJC_ARC = YES;
				CLANG_WARN_BOOL_CONVERSION = YES;
				CLANG_WARN_CONSTANT_CONVERSION = YES;
				CLANG_WARN_DIRECT_OBJC_ISA_USAGE = YES_ERROR;
				CLANG_WARN_EMPTY_BODY = YES;
				CLANG_WARN_ENUM_CONVERSION = YES;
				CLANG_WARN_INT_CONVERSION = YES;
				CLANG_WARN_OBJC_ROOT_CLASS = YES_ERROR;
				CLANG_WARN_UNREACHABLE_CODE = YES;
				CLANG_WARN__DUPLICATE_METHOD_MATCH = YES;
				"CODE_SIGN_IDENTITY[sdk=iphoneos*]" = "iPhone Developer";
				COPY_PHASE_STRIP = NO;
				DEBUG_INFORMATION_FORMAT = dwarf;
				ENABLE_STRICT_OBJC_MSGSEND = YES;
				ENABLE_TESTABILITY = YES;
				GCC_C_LANGUAGE_STANDARD = gnu99;
				GCC_DYNAMIC_NO_PIC = NO;
				GCC_NO_COMMON_BLOCKS = YES;
				GCC_OPTIMIZATION_LEVEL = 0;
				GCC_PREPROCESSOR_DEFINITIONS = (
					"DEBUG=1",
					"$(inherited)",
				);
				GCC_WARN_64_TO_32_BIT_CONVERSION = YES;
				GCC_WARN_ABOUT_RETURN_TYPE = YES_ERROR;
				GCC_WARN_UNDECLARED_SELECTOR = YES;
				GCC_WARN_UNINITIALIZED_AUTOS = YES_AGGRESSIVE;
				GCC_WARN_UNUSED_FUNCTION = YES;
				GCC_WARN_UNUSED_VARIABLE = YES;
				IPHONEOS_DEPLOYMENT_TARGET = 9.1;
				MTL_ENABLE_DEBUG_INFO = YES;
				ONLY_ACTIVE_ARCH = YES;
				PRODUCT_NAME = Gameboard;
				SDKROOT = iphoneos;
				SWIFT_OPTIMIZATION_LEVEL = "-Onone";
			};
			name = Debug;
		};
		DE5DE6F01BFDE7740032869E /* Release */ = {
			isa = XCBuildConfiguration;
			buildSettings = {
				ALWAYS_SEARCH_USER_PATHS = NO;
				CLANG_CXX_LANGUAGE_STANDARD = "gnu++0x";
				CLANG_CXX_LIBRARY = "libc++";
				CLANG_ENABLE_MODULES = YES;
				CLANG_ENABLE_OBJC_ARC = YES;
				CLANG_WARN_BOOL_CONVERSION = YES;
				CLANG_WARN_CONSTANT_CONVERSION = YES;
				CLANG_WARN_DIRECT_OBJC_ISA_USAGE = YES_ERROR;
				CLANG_WARN_EMPTY_BODY = YES;
				CLANG_WARN_ENUM_CONVERSION = YES;
				CLANG_WARN_INT_CONVERSION = YES;
				CLANG_WARN_OBJC_ROOT_CLASS = YES_ERROR;
				CLANG_WARN_UNREACHABLE_CODE = YES;
				CLANG_WARN__DUPLICATE_METHOD_MATCH = YES;
				"CODE_SIGN_IDENTITY[sdk=iphoneos*]" = "iPhone Developer";
				COPY_PHASE_STRIP = NO;
				DEBUG_INFORMATION_FORMAT = "dwarf-with-dsym";
				ENABLE_NS_ASSERTIONS = NO;
				ENABLE_STRICT_OBJC_MSGSEND = YES;
				GCC_C_LANGUAGE_STANDARD = gnu99;
				GCC_NO_COMMON_BLOCKS = YES;
				GCC_WARN_64_TO_32_BIT_CONVERSION = YES;
				GCC_WARN_ABOUT_RETURN_TYPE = YES_ERROR;
				GCC_WARN_UNDECLARED_SELECTOR = YES;
				GCC_WARN_UNINITIALIZED_AUTOS = YES_AGGRESSIVE;
				GCC_WARN_UNUSED_FUNCTION = YES;
				GCC_WARN_UNUSED_VARIABLE = YES;
				IPHONEOS_DEPLOYMENT_TARGET = 9.1;
				MTL_ENABLE_DEBUG_INFO = NO;
				PRODUCT_NAME = Gameboard;
				SDKROOT = iphoneos;
				VALIDATE_PRODUCT = YES;
			};
			name = Release;
		};
		DE5DE6F21BFDE7740032869E /* Debug */ = {
			isa = XCBuildConfiguration;
			buildSettings = {
				ASSETCATALOG_COMPILER_APPICON_NAME = AppIcon;
				ASSETCATALOG_COMPILER_LAUNCHIMAGE_NAME = "Brand Assets";
				CODE_SIGN_IDENTITY = "iPhone Developer: Matthew Perrins (HQ89NV2SGV)";
				FRAMEWORK_SEARCH_PATHS = (
					"$(inherited)",
					"$(PROJECT_DIR)/Carthage/Build/iOS",
				);
				INFOPLIST_FILE = "gameboard-app-ios/Info.plist";
				LD_RUNPATH_SEARCH_PATHS = "$(inherited) @executable_path/Frameworks";
				PRODUCT_BUNDLE_IDENTIFIER = co.gameboard.mobile.ios;
				PRODUCT_NAME = "$(TARGET_NAME)";
			};
			name = Debug;
		};
		DE5DE6F31BFDE7740032869E /* Release */ = {
			isa = XCBuildConfiguration;
			buildSettings = {
				ASSETCATALOG_COMPILER_APPICON_NAME = AppIcon;
				ASSETCATALOG_COMPILER_LAUNCHIMAGE_NAME = "Brand Assets";
				CODE_SIGN_IDENTITY = "iPhone Developer: Matthew Perrins (HQ89NV2SGV)";
				FRAMEWORK_SEARCH_PATHS = (
					"$(inherited)",
					"$(PROJECT_DIR)/Carthage/Build/iOS",
				);
				INFOPLIST_FILE = "gameboard-app-ios/Info.plist";
				LD_RUNPATH_SEARCH_PATHS = "$(inherited) @executable_path/Frameworks";
				PRODUCT_BUNDLE_IDENTIFIER = co.gameboard.mobile.ios;
				PRODUCT_NAME = "$(TARGET_NAME)";
			};
			name = Release;
		};
		DE5DE6F51BFDE7740032869E /* Debug */ = {
			isa = XCBuildConfiguration;
			buildSettings = {
				BUNDLE_LOADER = "$(TEST_HOST)";
				INFOPLIST_FILE = "gameboard-app-iosTests/Info.plist";
				LD_RUNPATH_SEARCH_PATHS = "$(inherited) @executable_path/Frameworks @loader_path/Frameworks";
				PRODUCT_BUNDLE_IDENTIFIER = "com.gameboard.gameboard-app-iosTests";
				PRODUCT_NAME = "$(TARGET_NAME)";
				TEST_HOST = "$(BUILT_PRODUCTS_DIR)/gameboard-app-ios.app/gameboard-app-ios";
			};
			name = Debug;
		};
		DE5DE6F61BFDE7740032869E /* Release */ = {
			isa = XCBuildConfiguration;
			buildSettings = {
				BUNDLE_LOADER = "$(TEST_HOST)";
				INFOPLIST_FILE = "gameboard-app-iosTests/Info.plist";
				LD_RUNPATH_SEARCH_PATHS = "$(inherited) @executable_path/Frameworks @loader_path/Frameworks";
				PRODUCT_BUNDLE_IDENTIFIER = "com.gameboard.gameboard-app-iosTests";
				PRODUCT_NAME = "$(TARGET_NAME)";
				TEST_HOST = "$(BUILT_PRODUCTS_DIR)/gameboard-app-ios.app/gameboard-app-ios";
			};
			name = Release;
		};
		DE5DE6F81BFDE7740032869E /* Debug */ = {
			isa = XCBuildConfiguration;
			buildSettings = {
				INFOPLIST_FILE = "gameboard-app-iosUITests/Info.plist";
				LD_RUNPATH_SEARCH_PATHS = "$(inherited) @executable_path/Frameworks @loader_path/Frameworks";
				PRODUCT_BUNDLE_IDENTIFIER = "com.gameboard.gameboard-app-iosUITests";
				PRODUCT_NAME = "$(TARGET_NAME)";
				TEST_TARGET_NAME = "gameboard-app-ios";
				USES_XCTRUNNER = YES;
			};
			name = Debug;
		};
		DE5DE6F91BFDE7740032869E /* Release */ = {
			isa = XCBuildConfiguration;
			buildSettings = {
				INFOPLIST_FILE = "gameboard-app-iosUITests/Info.plist";
				LD_RUNPATH_SEARCH_PATHS = "$(inherited) @executable_path/Frameworks @loader_path/Frameworks";
				PRODUCT_BUNDLE_IDENTIFIER = "com.gameboard.gameboard-app-iosUITests";
				PRODUCT_NAME = "$(TARGET_NAME)";
				TEST_TARGET_NAME = "gameboard-app-ios";
				USES_XCTRUNNER = YES;
			};
			name = Release;
		};
/* End XCBuildConfiguration section */

/* Begin XCConfigurationList section */
		DE5DE6C21BFDE7740032869E /* Build configuration list for PBXProject "gameboard-app-ios" */ = {
			isa = XCConfigurationList;
			buildConfigurations = (
				DE5DE6EF1BFDE7740032869E /* Debug */,
				DE5DE6F01BFDE7740032869E /* Release */,
			);
			defaultConfigurationIsVisible = 0;
			defaultConfigurationName = Release;
		};
		DE5DE6F11BFDE7740032869E /* Build configuration list for PBXNativeTarget "gameboard-app-ios" */ = {
			isa = XCConfigurationList;
			buildConfigurations = (
				DE5DE6F21BFDE7740032869E /* Debug */,
				DE5DE6F31BFDE7740032869E /* Release */,
			);
			defaultConfigurationIsVisible = 0;
			defaultConfigurationName = Release;
		};
		DE5DE6F41BFDE7740032869E /* Build configuration list for PBXNativeTarget "gameboard-app-iosTests" */ = {
			isa = XCConfigurationList;
			buildConfigurations = (
				DE5DE6F51BFDE7740032869E /* Debug */,
				DE5DE6F61BFDE7740032869E /* Release */,
			);
			defaultConfigurationIsVisible = 0;
			defaultConfigurationName = Release;
		};
		DE5DE6F71BFDE7740032869E /* Build configuration list for PBXNativeTarget "gameboard-app-iosUITests" */ = {
			isa = XCConfigurationList;
			buildConfigurations = (
				DE5DE6F81BFDE7740032869E /* Debug */,
				DE5DE6F91BFDE7740032869E /* Release */,
			);
			defaultConfigurationIsVisible = 0;
			defaultConfigurationName = Release;
		};
/* End XCConfigurationList section */
	};
	rootObject = DE5DE6BF1BFDE7740032869E /* Project object */;
}
